
Microsoft Visual Studio Solution File, Format Version 12.00
# Visual Studio 15
VisualStudioVersion = 15.0.27130.2003
MinimumVisualStudioVersion = 10.0.40219.1
Project("{FAE04EC0-301F-11D3-BF4B-00C04F79EFBC}") = "Collection_project", "Collection_project\Collection_project.csproj", "{95781420-3F41-402C-B13D-8B7F0C859C49}"
EndProject
Global
	GlobalSection(SolutionConfigurationPlatforms) = preSolution
		Debug|Any CPU = Debug|Any CPU
		Release|Any CPU = Release|Any CPU
	EndGlobalSection
	GlobalSection(ProjectConfigurationPlatforms) = postSolution
		{95781420-3F41-402C-B13D-8B7F0C859C49}.Debug|Any CPU.ActiveCfg = Debug|Any CPU
		{95781420-3F41-402C-B13D-8B7F0C859C49}.Debug|Any CPU.Build.0 = Debug|Any CPU
		{95781420-3F41-402C-B13D-8B7F0C859C49}.Release|Any CPU.ActiveCfg = Release|Any CPU
		{95781420-3F41-402C-B13D-8B7F0C859C49}.Release|Any CPU.Build.0 = Release|Any CPU
	EndGlobalSection
	GlobalSection(SolutionProperties) = preSolution
		HideSolutionNode = FALSE
	EndGlobalSection
	GlobalSection(ExtensibilityGlobals) = postSolution
		SolutionGuid = {E4E58CEF-F8AB-40C8-82B3-52D77D299D81}
	EndGlobalSection
EndGlobal
